// !$*UTF8*$!
{
	archiveVersion = 1;
	classes = {
	};
	objectVersion = 51;
	objects = {

/* Begin PBXBuildFile section */
		1288DF5D27524A17004ED812 /* BooksRepository.swift in Sources */ = {isa = PBXBuildFile; fileRef = 1288DF5827524A17004ED812 /* BooksRepository.swift */; };
		1288DF5E27524A17004ED812 /* BookNetworkService.swift in Sources */ = {isa = PBXBuildFile; fileRef = 1288DF5A27524A17004ED812 /* BookNetworkService.swift */; };
		1288DF5F27524A17004ED812 /* Book.swift in Sources */ = {isa = PBXBuildFile; fileRef = 1288DF5C27524A17004ED812 /* Book.swift */; };
		1288DF6727524B84004ED812 /* BooksListCell.swift in Sources */ = {isa = PBXBuildFile; fileRef = 1288DF6127524B84004ED812 /* BooksListCell.swift */; };
		1288DF6827524B84004ED812 /* BooksList.storyboard in Resources */ = {isa = PBXBuildFile; fileRef = 1288DF6227524B84004ED812 /* BooksList.storyboard */; };
		1288DF6927524B84004ED812 /* BooksListViewModel.swift in Sources */ = {isa = PBXBuildFile; fileRef = 1288DF6327524B84004ED812 /* BooksListViewModel.swift */; };
		1288DF6A27524B84004ED812 /* BooksListCoordinator.swift in Sources */ = {isa = PBXBuildFile; fileRef = 1288DF6427524B84004ED812 /* BooksListCoordinator.swift */; };
		1288DF6B27524B84004ED812 /* BooksListViewController.swift in Sources */ = {isa = PBXBuildFile; fileRef = 1288DF6527524B84004ED812 /* BooksListViewController.swift */; };
		1288DF6C27524B84004ED812 /* BookListCell.xib in Resources */ = {isa = PBXBuildFile; fileRef = 1288DF6627524B84004ED812 /* BookListCell.xib */; };
		1288DF6E27524C0A004ED812 /* AppCoordinator.swift in Sources */ = {isa = PBXBuildFile; fileRef = 1288DF6D27524C0A004ED812 /* AppCoordinator.swift */; };
		1288DF7027524CCE004ED812 /* NetworkService.swift in Sources */ = {isa = PBXBuildFile; fileRef = 1288DF6F27524CCE004ED812 /* NetworkService.swift */; };
		12945ACB252E63C100768865 /* AppDelegate.swift in Sources */ = {isa = PBXBuildFile; fileRef = 12945ACA252E63C100768865 /* AppDelegate.swift */; };
		12945AD4252E63C300768865 /* Assets.xcassets in Resources */ = {isa = PBXBuildFile; fileRef = 12945AD3252E63C300768865 /* Assets.xcassets */; };
		12945AD7252E63C300768865 /* LaunchScreen.storyboard in Resources */ = {isa = PBXBuildFile; fileRef = 12945AD5252E63C300768865 /* LaunchScreen.storyboard */; };
		49975E6B88843DCDCD6F2F95 /* Pods_DIContainerExample.framework in Frameworks */ = {isa = PBXBuildFile; fileRef = 46DA3AC5EC543A139824B56B /* Pods_DIContainerExample.framework */; };
/* End PBXBuildFile section */

/* Begin PBXFileReference section */
		1288DF5827524A17004ED812 /* BooksRepository.swift */ = {isa = PBXFileReference; fileEncoding = 4; lastKnownFileType = sourcecode.swift; path = BooksRepository.swift; sourceTree = "<group>"; };
		1288DF5A27524A17004ED812 /* BookNetworkService.swift */ = {isa = PBXFileReference; fileEncoding = 4; lastKnownFileType = sourcecode.swift; path = BookNetworkService.swift; sourceTree = "<group>"; };
		1288DF5C27524A17004ED812 /* Book.swift */ = {isa = PBXFileReference; fileEncoding = 4; lastKnownFileType = sourcecode.swift; path = Book.swift; sourceTree = "<group>"; };
		1288DF6127524B84004ED812 /* BooksListCell.swift */ = {isa = PBXFileReference; fileEncoding = 4; lastKnownFileType = sourcecode.swift; path = BooksListCell.swift; sourceTree = "<group>"; };
		1288DF6227524B84004ED812 /* BooksList.storyboard */ = {isa = PBXFileReference; fileEncoding = 4; lastKnownFileType = file.storyboard; path = BooksList.storyboard; sourceTree = "<group>"; };
		1288DF6327524B84004ED812 /* BooksListViewModel.swift */ = {isa = PBXFileReference; fileEncoding = 4; lastKnownFileType = sourcecode.swift; path = BooksListViewModel.swift; sourceTree = "<group>"; };
		1288DF6427524B84004ED812 /* BooksListCoordinator.swift */ = {isa = PBXFileReference; fileEncoding = 4; lastKnownFileType = sourcecode.swift; path = BooksListCoordinator.swift; sourceTree = "<group>"; };
		1288DF6527524B84004ED812 /* BooksListViewController.swift */ = {isa = PBXFileReference; fileEncoding = 4; lastKnownFileType = sourcecode.swift; path = BooksListViewController.swift; sourceTree = "<group>"; };
		1288DF6627524B84004ED812 /* BookListCell.xib */ = {isa = PBXFileReference; fileEncoding = 4; lastKnownFileType = file.xib; path = BookListCell.xib; sourceTree = "<group>"; };
		1288DF6D27524C0A004ED812 /* AppCoordinator.swift */ = {isa = PBXFileReference; lastKnownFileType = sourcecode.swift; path = AppCoordinator.swift; sourceTree = "<group>"; };
		1288DF6F27524CCE004ED812 /* NetworkService.swift */ = {isa = PBXFileReference; lastKnownFileType = sourcecode.swift; path = NetworkService.swift; sourceTree = "<group>"; };
		12945AC7252E63C100768865 /* DIContainerExample.app */ = {isa = PBXFileReference; explicitFileType = wrapper.application; includeInIndex = 0; path = DIContainerExample.app; sourceTree = BUILT_PRODUCTS_DIR; };
		12945ACA252E63C100768865 /* AppDelegate.swift */ = {isa = PBXFileReference; lastKnownFileType = sourcecode.swift; path = AppDelegate.swift; sourceTree = "<group>"; };
		12945AD3252E63C300768865 /* Assets.xcassets */ = {isa = PBXFileReference; lastKnownFileType = folder.assetcatalog; path = Assets.xcassets; sourceTree = "<group>"; };
		12945AD6252E63C300768865 /* Base */ = {isa = PBXFileReference; lastKnownFileType = file.storyboard; name = Base; path = Base.lproj/LaunchScreen.storyboard; sourceTree = "<group>"; };
		12945AD8252E63C300768865 /* Info.plist */ = {isa = PBXFileReference; lastKnownFileType = text.plist.xml; path = Info.plist; sourceTree = "<group>"; };
		46DA3AC5EC543A139824B56B /* Pods_DIContainerExample.framework */ = {isa = PBXFileReference; explicitFileType = wrapper.framework; includeInIndex = 0; path = Pods_DIContainerExample.framework; sourceTree = BUILT_PRODUCTS_DIR; };
		725B06FBF05CB6CCA3E63800 /* Pods-DIContainerExample.release.xcconfig */ = {isa = PBXFileReference; includeInIndex = 1; lastKnownFileType = text.xcconfig; name = "Pods-DIContainerExample.release.xcconfig"; path = "Target Support Files/Pods-DIContainerExample/Pods-DIContainerExample.release.xcconfig"; sourceTree = "<group>"; };
		DCEE3B44519310FE812722B2 /* Pods-DIContainerExample.debug.xcconfig */ = {isa = PBXFileReference; includeInIndex = 1; lastKnownFileType = text.xcconfig; name = "Pods-DIContainerExample.debug.xcconfig"; path = "Target Support Files/Pods-DIContainerExample/Pods-DIContainerExample.debug.xcconfig"; sourceTree = "<group>"; };
/* End PBXFileReference section */

/* Begin PBXFrameworksBuildPhase section */
		12945AC4252E63C100768865 /* Frameworks */ = {
			isa = PBXFrameworksBuildPhase;
			buildActionMask = 2147483647;
			files = (
				49975E6B88843DCDCD6F2F95 /* Pods_DIContainerExample.framework in Frameworks */,
			);
			runOnlyForDeploymentPostprocessing = 0;
		};
/* End PBXFrameworksBuildPhase section */

/* Begin PBXGroup section */
		1288DF5327524842004ED812 /* Source */ = {
			isa = PBXGroup;
			children = (
				1288DF5627524A17004ED812 /* Core */,
				1288DF552752489C004ED812 /* Flows */,
				12945ACA252E63C100768865 /* AppDelegate.swift */,
			);
			path = Source;
			sourceTree = "<group>";
		};
		1288DF542752485E004ED812 /* Resources */ = {
			isa = PBXGroup;
			children = (
				12945AD8252E63C300768865 /* Info.plist */,
				12945AD3252E63C300768865 /* Assets.xcassets */,
				12945AD5252E63C300768865 /* LaunchScreen.storyboard */,
			);
			path = Resources;
			sourceTree = "<group>";
		};
		1288DF552752489C004ED812 /* Flows */ = {
			isa = PBXGroup;
			children = (
				1288DF6027524B84004ED812 /* BooksList */,
				1288DF6D27524C0A004ED812 /* AppCoordinator.swift */,
			);
			path = Flows;
			sourceTree = "<group>";
		};
		1288DF5627524A17004ED812 /* Core */ = {
			isa = PBXGroup;
			children = (
				1288DF5727524A17004ED812 /* Repositories */,
				1288DF5927524A17004ED812 /* Services */,
				1288DF5B27524A17004ED812 /* Entities */,
			);
			path = Core;
			sourceTree = "<group>";
		};
		1288DF5727524A17004ED812 /* Repositories */ = {
			isa = PBXGroup;
			children = (
				1288DF5827524A17004ED812 /* BooksRepository.swift */,
			);
			path = Repositories;
			sourceTree = "<group>";
		};
		1288DF5927524A17004ED812 /* Services */ = {
			isa = PBXGroup;
			children = (
				1288DF5A27524A17004ED812 /* BookNetworkService.swift */,
				1288DF6F27524CCE004ED812 /* NetworkService.swift */,
			);
			path = Services;
			sourceTree = "<group>";
		};
		1288DF5B27524A17004ED812 /* Entities */ = {
			isa = PBXGroup;
			children = (
				1288DF5C27524A17004ED812 /* Book.swift */,
			);
			path = Entities;
			sourceTree = "<group>";
		};
		1288DF6027524B84004ED812 /* BooksList */ = {
			isa = PBXGroup;
			children = (
				1288DF6127524B84004ED812 /* BooksListCell.swift */,
				1288DF6227524B84004ED812 /* BooksList.storyboard */,
				1288DF6327524B84004ED812 /* BooksListViewModel.swift */,
				1288DF6427524B84004ED812 /* BooksListCoordinator.swift */,
				1288DF6527524B84004ED812 /* BooksListViewController.swift */,
				1288DF6627524B84004ED812 /* BookListCell.xib */,
			);
			path = BooksList;
			sourceTree = "<group>";
		};
		12945ABE252E63C100768865 = {
			isa = PBXGroup;
			children = (
				12945AC9252E63C100768865 /* DIContainerExample */,
				12945AC8252E63C100768865 /* Products */,
				1D8B7503700C181A411AF9DF /* Pods */,
				573B7C5194D1DDF9881157A8 /* Frameworks */,
			);
			sourceTree = "<group>";
		};
		12945AC8252E63C100768865 /* Products */ = {
			isa = PBXGroup;
			children = (
				12945AC7252E63C100768865 /* DIContainerExample.app */,
			);
			name = Products;
			sourceTree = "<group>";
		};
		12945AC9252E63C100768865 /* DIContainerExample */ = {
			isa = PBXGroup;
			children = (
				1288DF5327524842004ED812 /* Source */,
				1288DF542752485E004ED812 /* Resources */,
			);
			path = DIContainerExample;
			sourceTree = "<group>";
		};
		1D8B7503700C181A411AF9DF /* Pods */ = {
			isa = PBXGroup;
			children = (
				DCEE3B44519310FE812722B2 /* Pods-DIContainerExample.debug.xcconfig */,
				725B06FBF05CB6CCA3E63800 /* Pods-DIContainerExample.release.xcconfig */,
			);
			path = Pods;
			sourceTree = "<group>";
		};
		573B7C5194D1DDF9881157A8 /* Frameworks */ = {
			isa = PBXGroup;
			children = (
				46DA3AC5EC543A139824B56B /* Pods_DIContainerExample.framework */,
			);
			name = Frameworks;
			sourceTree = "<group>";
		};
/* End PBXGroup section */

/* Begin PBXNativeTarget section */
		12945AC6252E63C100768865 /* DIContainerExample */ = {
			isa = PBXNativeTarget;
			buildConfigurationList = 12945ADB252E63C300768865 /* Build configuration list for PBXNativeTarget "DIContainerExample" */;
			buildPhases = (
				CE18872AD244049538F8400E /* [CP] Check Pods Manifest.lock */,
				12945AC3252E63C100768865 /* Sources */,
				12945AC4252E63C100768865 /* Frameworks */,
				12945AC5252E63C100768865 /* Resources */,
				A8A5AE8863C0CA2211AC09B3 /* [CP] Embed Pods Frameworks */,
			);
			buildRules = (
			);
			dependencies = (
			);
			name = DIContainerExample;
			productName = DIContainerExample;
			productReference = 12945AC7252E63C100768865 /* DIContainerExample.app */;
			productType = "com.apple.product-type.application";
		};
/* End PBXNativeTarget section */

/* Begin PBXProject section */
		12945ABF252E63C100768865 /* Project object */ = {
			isa = PBXProject;
			attributes = {
				LastSwiftUpdateCheck = 1200;
				LastUpgradeCheck = 1200;
				TargetAttributes = {
					12945AC6252E63C100768865 = {
						CreatedOnToolsVersion = 12.0.1;
					};
				};
			};
			buildConfigurationList = 12945AC2252E63C100768865 /* Build configuration list for PBXProject "DIContainerExample" */;
			compatibilityVersion = "Xcode 9.3";
			developmentRegion = en;
			hasScannedForEncodings = 0;
			knownRegions = (
				en,
				Base,
			);
			mainGroup = 12945ABE252E63C100768865;
			productRefGroup = 12945AC8252E63C100768865 /* Products */;
			projectDirPath = "";
			projectRoot = "";
			targets = (
				12945AC6252E63C100768865 /* DIContainerExample */,
			);
		};
/* End PBXProject section */

/* Begin PBXResourcesBuildPhase section */
		12945AC5252E63C100768865 /* Resources */ = {
			isa = PBXResourcesBuildPhase;
			buildActionMask = 2147483647;
			files = (
				12945AD7252E63C300768865 /* LaunchScreen.storyboard in Resources */,
				1288DF6827524B84004ED812 /* BooksList.storyboard in Resources */,
				1288DF6C27524B84004ED812 /* BookListCell.xib in Resources */,
				12945AD4252E63C300768865 /* Assets.xcassets in Resources */,
			);
			runOnlyForDeploymentPostprocessing = 0;
		};
/* End PBXResourcesBuildPhase section */

/* Begin PBXShellScriptBuildPhase section */
		A8A5AE8863C0CA2211AC09B3 /* [CP] Embed Pods Frameworks */ = {
			isa = PBXShellScriptBuildPhase;
			buildActionMask = 2147483647;
			files = (
			);
			inputFileListPaths = (
				"${PODS_ROOT}/Target Support Files/Pods-DIContainerExample/Pods-DIContainerExample-frameworks-${CONFIGURATION}-input-files.xcfilelist",
			);
			name = "[CP] Embed Pods Frameworks";
			outputFileListPaths = (
				"${PODS_ROOT}/Target Support Files/Pods-DIContainerExample/Pods-DIContainerExample-frameworks-${CONFIGURATION}-output-files.xcfilelist",
			);
			runOnlyForDeploymentPostprocessing = 0;
			shellPath = /bin/sh;
			shellScript = "\"${PODS_ROOT}/Target Support Files/Pods-DIContainerExample/Pods-DIContainerExample-frameworks.sh\"\n";
			showEnvVarsInLog = 0;
		};
		CE18872AD244049538F8400E /* [CP] Check Pods Manifest.lock */ = {
			isa = PBXShellScriptBuildPhase;
			buildActionMask = 2147483647;
			files = (
			);
			inputFileListPaths = (
			);
			inputPaths = (
				"${PODS_PODFILE_DIR_PATH}/Podfile.lock",
				"${PODS_ROOT}/Manifest.lock",
			);
			name = "[CP] Check Pods Manifest.lock";
			outputFileListPaths = (
			);
			outputPaths = (
				"$(DERIVED_FILE_DIR)/Pods-DIContainerExample-checkManifestLockResult.txt",
			);
			runOnlyForDeploymentPostprocessing = 0;
			shellPath = /bin/sh;
			shellScript = "diff \"${PODS_PODFILE_DIR_PATH}/Podfile.lock\" \"${PODS_ROOT}/Manifest.lock\" > /dev/null\nif [ $? != 0 ] ; then\n    # print error to STDERR\n    echo \"error: The sandbox is not in sync with the Podfile.lock. Run 'pod install' or update your CocoaPods installation.\" >&2\n    exit 1\nfi\n# This output is used by Xcode 'outputs' to avoid re-running this script phase.\necho \"SUCCESS\" > \"${SCRIPT_OUTPUT_FILE_0}\"\n";
			showEnvVarsInLog = 0;
		};
/* End PBXShellScriptBuildPhase section */

/* Begin PBXSourcesBuildPhase section */
		12945AC3252E63C100768865 /* Sources */ = {
			isa = PBXSourcesBuildPhase;
			buildActionMask = 2147483647;
			files = (
				1288DF7027524CCE004ED812 /* NetworkService.swift in Sources */,
				1288DF6927524B84004ED812 /* BooksListViewModel.swift in Sources */,
				1288DF5E27524A17004ED812 /* BookNetworkService.swift in Sources */,
				1288DF6A27524B84004ED812 /* BooksListCoordinator.swift in Sources */,
				1288DF5D27524A17004ED812 /* BooksRepository.swift in Sources */,
				1288DF5F27524A17004ED812 /* Book.swift in Sources */,
				1288DF6727524B84004ED812 /* BooksListCell.swift in Sources */,
				1288DF6E27524C0A004ED812 /* AppCoordinator.swift in Sources */,
				12945ACB252E63C100768865 /* AppDelegate.swift in Sources */,
				1288DF6B27524B84004ED812 /* BooksListViewController.swift in Sources */,
			);
			runOnlyForDeploymentPostprocessing = 0;
		};
/* End PBXSourcesBuildPhase section */

/* Begin PBXVariantGroup section */
		12945AD5252E63C300768865 /* LaunchScreen.storyboard */ = {
			isa = PBXVariantGroup;
			children = (
				12945AD6252E63C300768865 /* Base */,
			);
			name = LaunchScreen.storyboard;
			sourceTree = "<group>";
		};
/* End PBXVariantGroup section */

/* Begin XCBuildConfiguration section */
		12945AD9252E63C300768865 /* Debug */ = {
			isa = XCBuildConfiguration;
			buildSettings = {
				ALWAYS_SEARCH_USER_PATHS = NO;
				CLANG_ANALYZER_NONNULL = YES;
				CLANG_ANALYZER_NUMBER_OBJECT_CONVERSION = YES_AGGRESSIVE;
				CLANG_CXX_LANGUAGE_STANDARD = "gnu++14";
				CLANG_CXX_LIBRARY = "libc++";
				CLANG_ENABLE_MODULES = YES;
				CLANG_ENABLE_OBJC_ARC = YES;
				CLANG_ENABLE_OBJC_WEAK = YES;
				CLANG_WARN_BLOCK_CAPTURE_AUTORELEASING = YES;
				CLANG_WARN_BOOL_CONVERSION = YES;
				CLANG_WARN_COMMA = YES;
				CLANG_WARN_CONSTANT_CONVERSION = YES;
				CLANG_WARN_DEPRECATED_OBJC_IMPLEMENTATIONS = YES;
				CLANG_WARN_DIRECT_OBJC_ISA_USAGE = YES_ERROR;
				CLANG_WARN_DOCUMENTATION_COMMENTS = YES;
				CLANG_WARN_EMPTY_BODY = YES;
				CLANG_WARN_ENUM_CONVERSION = YES;
				CLANG_WARN_INFINITE_RECURSION = YES;
				CLANG_WARN_INT_CONVERSION = YES;
				CLANG_WARN_NON_LITERAL_NULL_CONVERSION = YES;
				CLANG_WARN_OBJC_IMPLICIT_RETAIN_SELF = YES;
				CLANG_WARN_OBJC_LITERAL_CONVERSION = YES;
				CLANG_WARN_OBJC_ROOT_CLASS = YES_ERROR;
				CLANG_WARN_QUOTED_INCLUDE_IN_FRAMEWORK_HEADER = YES;
				CLANG_WARN_RANGE_LOOP_ANALYSIS = YES;
				CLANG_WARN_STRICT_PROTOTYPES = YES;
				CLANG_WARN_SUSPICIOUS_MOVE = YES;
				CLANG_WARN_UNGUARDED_AVAILABILITY = YES_AGGRESSIVE;
				CLANG_WARN_UNREACHABLE_CODE = YES;
				CLANG_WARN__DUPLICATE_METHOD_MATCH = YES;
				COPY_PHASE_STRIP = NO;
				DEBUG_INFORMATION_FORMAT = dwarf;
				ENABLE_STRICT_OBJC_MSGSEND = YES;
				ENABLE_TESTABILITY = YES;
				GCC_C_LANGUAGE_STANDARD = gnu11;
				GCC_DYNAMIC_NO_PIC = NO;
				GCC_NO_COMMON_BLOCKS = YES;
				GCC_OPTIMIZATION_LEVEL = 0;
				GCC_PREPROCESSOR_DEFINITIONS = (
					"DEBUG=1",
					"$(inherited)",
				);
				GCC_WARN_64_TO_32_BIT_CONVERSION = YES;
				GCC_WARN_ABOUT_RETURN_TYPE = YES_ERROR;
				GCC_WARN_UNDECLARED_SELECTOR = YES;
				GCC_WARN_UNINITIALIZED_AUTOS = YES_AGGRESSIVE;
				GCC_WARN_UNUSED_FUNCTION = YES;
				GCC_WARN_UNUSED_VARIABLE = YES;
				IPHONEOS_DEPLOYMENT_TARGET = 14.0;
				MTL_ENABLE_DEBUG_INFO = INCLUDE_SOURCE;
				MTL_FAST_MATH = YES;
				ONLY_ACTIVE_ARCH = YES;
				SDKROOT = iphoneos;
				SWIFT_ACTIVE_COMPILATION_CONDITIONS = DEBUG;
				SWIFT_OPTIMIZATION_LEVEL = "-Onone";
			};
			name = Debug;
		};
		12945ADA252E63C300768865 /* Release */ = {
			isa = XCBuildConfiguration;
			buildSettings = {
				ALWAYS_SEARCH_USER_PATHS = NO;
				CLANG_ANALYZER_NONNULL = YES;
				CLANG_ANALYZER_NUMBER_OBJECT_CONVERSION = YES_AGGRESSIVE;
				CLANG_CXX_LANGUAGE_STANDARD = "gnu++14";
				CLANG_CXX_LIBRARY = "libc++";
				CLANG_ENABLE_MODULES = YES;
				CLANG_ENABLE_OBJC_ARC = YES;
				CLANG_ENABLE_OBJC_WEAK = YES;
				CLANG_WARN_BLOCK_CAPTURE_AUTORELEASING = YES;
				CLANG_WARN_BOOL_CONVERSION = YES;
				CLANG_WARN_COMMA = YES;
				CLANG_WARN_CONSTANT_CONVERSION = YES;
				CLANG_WARN_DEPRECATED_OBJC_IMPLEMENTATIONS = YES;
				CLANG_WARN_DIRECT_OBJC_ISA_USAGE = YES_ERROR;
				CLANG_WARN_DOCUMENTATION_COMMENTS = YES;
				CLANG_WARN_EMPTY_BODY = YES;
				CLANG_WARN_ENUM_CONVERSION = YES;
				CLANG_WARN_INFINITE_RECURSION = YES;
				CLANG_WARN_INT_CONVERSION = YES;
				CLANG_WARN_NON_LITERAL_NULL_CONVERSION = YES;
				CLANG_WARN_OBJC_IMPLICIT_RETAIN_SELF = YES;
				CLANG_WARN_OBJC_LITERAL_CONVERSION = YES;
				CLANG_WARN_OBJC_ROOT_CLASS = YES_ERROR;
				CLANG_WARN_QUOTED_INCLUDE_IN_FRAMEWORK_HEADER = YES;
				CLANG_WARN_RANGE_LOOP_ANALYSIS = YES;
				CLANG_WARN_STRICT_PROTOTYPES = YES;
				CLANG_WARN_SUSPICIOUS_MOVE = YES;
				CLANG_WARN_UNGUARDED_AVAILABILITY = YES_AGGRESSIVE;
				CLANG_WARN_UNREACHABLE_CODE = YES;
				CLANG_WARN__DUPLICATE_METHOD_MATCH = YES;
				COPY_PHASE_STRIP = NO;
				DEBUG_INFORMATION_FORMAT = "dwarf-with-dsym";
				ENABLE_NS_ASSERTIONS = NO;
				ENABLE_STRICT_OBJC_MSGSEND = YES;
				GCC_C_LANGUAGE_STANDARD = gnu11;
				GCC_NO_COMMON_BLOCKS = YES;
				GCC_WARN_64_TO_32_BIT_CONVERSION = YES;
				GCC_WARN_ABOUT_RETURN_TYPE = YES_ERROR;
				GCC_WARN_UNDECLARED_SELECTOR = YES;
				GCC_WARN_UNINITIALIZED_AUTOS = YES_AGGRESSIVE;
				GCC_WARN_UNUSED_FUNCTION = YES;
				GCC_WARN_UNUSED_VARIABLE = YES;
				IPHONEOS_DEPLOYMENT_TARGET = 14.0;
				MTL_ENABLE_DEBUG_INFO = NO;
				MTL_FAST_MATH = YES;
				SDKROOT = iphoneos;
				SWIFT_COMPILATION_MODE = wholemodule;
				SWIFT_OPTIMIZATION_LEVEL = "-O";
				VALIDATE_PRODUCT = YES;
			};
			name = Release;
		};
		12945ADC252E63C300768865 /* Debug */ = {
			isa = XCBuildConfiguration;
			baseConfigurationReference = DCEE3B44519310FE812722B2 /* Pods-DIContainerExample.debug.xcconfig */;
			buildSettings = {
				ASSETCATALOG_COMPILER_APPICON_NAME = AppIcon;
				ASSETCATALOG_COMPILER_GLOBAL_ACCENT_COLOR_NAME = AccentColor;
				CODE_SIGN_STYLE = Automatic;
				INFOPLIST_FILE = DIContainerExample/Resources/Info.plist;
				LD_RUNPATH_SEARCH_PATHS = (
					"$(inherited)",
					"@executable_path/Frameworks",
				);
				PRODUCT_BUNDLE_IDENTIFIER = com.darkmatter.DIContainerExample;
				PRODUCT_NAME = "$(TARGET_NAME)";
				SWIFT_VERSION = 5.0;
				TARGETED_DEVICE_FAMILY = "1,2";
			};
			name = Debug;
		};
		12945ADD252E63C300768865 /* Release */ = {
			isa = XCBuildConfiguration;
			baseConfigurationReference = 725B06FBF05CB6CCA3E63800 /* Pods-DIContainerExample.release.xcconfig */;
			buildSettings = {
				ASSETCATALOG_COMPILER_APPICON_NAME = AppIcon;
				ASSETCATALOG_COMPILER_GLOBAL_ACCENT_COLOR_NAME = AccentColor;
				CODE_SIGN_STYLE = Automatic;
				INFOPLIST_FILE = DIContainerExample/Resources/Info.plist;
				LD_RUNPATH_SEARCH_PATHS = (
					"$(inherited)",
					"@executable_path/Frameworks",
				);
				PRODUCT_BUNDLE_IDENTIFIER = com.darkmatter.DIContainerExample;
				PRODUCT_NAME = "$(TARGET_NAME)";
				SWIFT_VERSION = 5.0;
				TARGETED_DEVICE_FAMILY = "1,2";
			};
			name = Release;
		};
/* End XCBuildConfiguration section */

/* Begin XCConfigurationList section */
		12945AC2252E63C100768865 /* Build configuration list for PBXProject "DIContainerExample" */ = {
			isa = XCConfigurationList;
			buildConfigurations = (
				12945AD9252E63C300768865 /* Debug */,
				12945ADA252E63C300768865 /* Release */,
			);
			defaultConfigurationIsVisible = 0;
			defaultConfigurationName = Release;
		};
		12945ADB252E63C300768865 /* Build configuration list for PBXNativeTarget "DIContainerExample" */ = {
			isa = XCConfigurationList;
			buildConfigurations = (
				12945ADC252E63C300768865 /* Debug */,
				12945ADD252E63C300768865 /* Release */,
			);
			defaultConfigurationIsVisible = 0;
			defaultConfigurationName = Release;
		};
/* End XCConfigurationList section */
	};
	rootObject = 12945ABF252E63C100768865 /* Project object */;
}
